Microsoft Visual Studio Solution File, Format Version 11.00
# Visual Studio 2008

Project("{23E4627D-68F3-DA80-1418-7322883C3DA5}") = "SGM-Final-Assignment", "Assembly-CSharp.csproj", "{38FFEC21-DE54-DFD1-8725-062AF60D23DA}"
EndProject
Global
	GlobalSection(SolutionConfigurationPlatforms) = preSolution
		Debug|Any CPU = Debug|Any CPU
		Release|Any CPU = Release|Any CPU
	EndGlobalSection
	GlobalSection(ProjectConfigurationPlatforms) = postSolution
		{38FFEC21-DE54-DFD1-8725-062AF60D23DA}.Debug|Any CPU.ActiveCfg = Debug|Any CPU
		{38FFEC21-DE54-DFD1-8725-062AF60D23DA}.Debug|Any CPU.Build.0 = Debug|Any CPU
		{38FFEC21-DE54-DFD1-8725-062AF60D23DA}.Release|Any CPU.ActiveCfg = Release|Any CPU
		{38FFEC21-DE54-DFD1-8725-062AF60D23DA}.Release|Any CPU.Build.0 = Release|Any CPU
	EndGlobalSection
	GlobalSection(SolutionProperties) = preSolution
		HideSolutionNode = FALSE
	EndGlobalSection
	GlobalSection(MonoDevelopProperties) = preSolution
		StartupItem = Assembly-CSharp.csproj
	EndGlobalSection
EndGlobal
